// !$*UTF8*$!
{
	archiveVersion = 1;
	classes = {
	};
	objectVersion = 56;
	objects = {

/* Begin PBXBuildFile section */
		0954D21C295EB8A800BE853B /* AppDelegate.swift in Sources */ = {isa = PBXBuildFile; fileRef = 0954D21B295EB8A800BE853B /* AppDelegate.swift */; };
		0954D220295EB8A800BE853B /* ViewController.swift in Sources */ = {isa = PBXBuildFile; fileRef = 0954D21F295EB8A800BE853B /* ViewController.swift */; };
		0954D223295EB8A800BE853B /* Main.storyboard in Resources */ = {isa = PBXBuildFile; fileRef = 0954D221295EB8A800BE853B /* Main.storyboard */; };
		0954D225295EB8AB00BE853B /* Assets.xcassets in Resources */ = {isa = PBXBuildFile; fileRef = 0954D224295EB8AB00BE853B /* Assets.xcassets */; };
		0954D228295EB8AB00BE853B /* LaunchScreen.storyboard in Resources */ = {isa = PBXBuildFile; fileRef = 0954D226295EB8AB00BE853B /* LaunchScreen.storyboard */; };
		0954D233295EB8AB00BE853B /* CarTrackTests.swift in Sources */ = {isa = PBXBuildFile; fileRef = 0954D232295EB8AB00BE853B /* CarTrackTests.swift */; };
		0954D23D295EB8AB00BE853B /* CarTrackUITests.swift in Sources */ = {isa = PBXBuildFile; fileRef = 0954D23C295EB8AB00BE853B /* CarTrackUITests.swift */; };
		0954D23F295EB8AB00BE853B /* CarTrackUITestsLaunchTests.swift in Sources */ = {isa = PBXBuildFile; fileRef = 0954D23E295EB8AB00BE853B /* CarTrackUITestsLaunchTests.swift */; };
/* End PBXBuildFile section */

/* Begin PBXContainerItemProxy section */
		0954D22F295EB8AB00BE853B /* PBXContainerItemProxy */ = {
			isa = PBXContainerItemProxy;
			containerPortal = 0954D210295EB8A700BE853B /* Project object */;
			proxyType = 1;
			remoteGlobalIDString = 0954D217295EB8A800BE853B;
			remoteInfo = CarTrack;
		};
		0954D239295EB8AB00BE853B /* PBXContainerItemProxy */ = {
			isa = PBXContainerItemProxy;
			containerPortal = 0954D210295EB8A700BE853B /* Project object */;
			proxyType = 1;
			remoteGlobalIDString = 0954D217295EB8A800BE853B;
			remoteInfo = CarTrack;
		};
/* End PBXContainerItemProxy section */

/* Begin PBXFileReference section */
		0954D218295EB8A800BE853B /* CarTrack.app */ = {isa = PBXFileReference; explicitFileType = wrapper.application; includeInIndex = 0; path = CarTrack.app; sourceTree = BUILT_PRODUCTS_DIR; };
		0954D21B295EB8A800BE853B /* AppDelegate.swift */ = {isa = PBXFileReference; lastKnownFileType = sourcecode.swift; path = AppDelegate.swift; sourceTree = "<group>"; };
		0954D21F295EB8A800BE853B /* ViewController.swift */ = {isa = PBXFileReference; lastKnownFileType = sourcecode.swift; path = ViewController.swift; sourceTree = "<group>"; };
		0954D222295EB8A800BE853B /* Base */ = {isa = PBXFileReference; lastKnownFileType = file.storyboard; name = Base; path = Base.lproj/Main.storyboard; sourceTree = "<group>"; };
		0954D224295EB8AB00BE853B /* Assets.xcassets */ = {isa = PBXFileReference; lastKnownFileType = folder.assetcatalog; path = Assets.xcassets; sourceTree = "<group>"; };
		0954D227295EB8AB00BE853B /* Base */ = {isa = PBXFileReference; lastKnownFileType = file.storyboard; name = Base; path = Base.lproj/LaunchScreen.storyboard; sourceTree = "<group>"; };
		0954D229295EB8AB00BE853B /* Info.plist */ = {isa = PBXFileReference; lastKnownFileType = text.plist.xml; path = Info.plist; sourceTree = "<group>"; };
		0954D22E295EB8AB00BE853B /* CarTrackTests.xctest */ = {isa = PBXFileReference; explicitFileType = wrapper.cfbundle; includeInIndex = 0; path = CarTrackTests.xctest; sourceTree = BUILT_PRODUCTS_DIR; };
		0954D232295EB8AB00BE853B /* CarTrackTests.swift */ = {isa = PBXFileReference; lastKnownFileType = sourcecode.swift; path = CarTrackTests.swift; sourceTree = "<group>"; };
		0954D238295EB8AB00BE853B /* CarTrackUITests.xctest */ = {isa = PBXFileReference; explicitFileType = wrapper.cfbundle; includeInIndex = 0; path = CarTrackUITests.xctest; sourceTree = BUILT_PRODUCTS_DIR; };
		0954D23C295EB8AB00BE853B /* CarTrackUITests.swift */ = {isa = PBXFileReference; lastKnownFileType = sourcecode.swift; path = CarTrackUITests.swift; sourceTree = "<group>"; };
		0954D23E295EB8AB00BE853B /* CarTrackUITestsLaunchTests.swift */ = {isa = PBXFileReference; lastKnownFileType = sourcecode.swift; path = CarTrackUITestsLaunchTests.swift; sourceTree = "<group>"; };
/* End PBXFileReference section */

/* Begin PBXFrameworksBuildPhase section */
		0954D215295EB8A800BE853B /* Frameworks */ = {
			isa = PBXFrameworksBuildPhase;
			buildActionMask = 2147483647;
			files = (
			);
			runOnlyForDeploymentPostprocessing = 0;
		};
		0954D22B295EB8AB00BE853B /* Frameworks */ = {
			isa = PBXFrameworksBuildPhase;
			buildActionMask = 2147483647;
			files = (
			);
			runOnlyForDeploymentPostprocessing = 0;
		};
		0954D235295EB8AB00BE853B /* Frameworks */ = {
			isa = PBXFrameworksBuildPhase;
			buildActionMask = 2147483647;
			files = (
			);
			runOnlyForDeploymentPostprocessing = 0;
		};
/* End PBXFrameworksBuildPhase section */

/* Begin PBXGroup section */
		0954D20F295EB8A700BE853B = {
			isa = PBXGroup;
			children = (
				0954D21A295EB8A800BE853B /* CarTrack */,
				0954D231295EB8AB00BE853B /* CarTrackTests */,
				0954D23B295EB8AB00BE853B /* CarTrackUITests */,
				0954D219295EB8A800BE853B /* Products */,
			);
			sourceTree = "<group>";
		};
		0954D219295EB8A800BE853B /* Products */ = {
			isa = PBXGroup;
			children = (
				0954D218295EB8A800BE853B /* CarTrack.app */,
				0954D22E295EB8AB00BE853B /* CarTrackTests.xctest */,
				0954D238295EB8AB00BE853B /* CarTrackUITests.xctest */,
			);
			name = Products;
			sourceTree = "<group>";
		};
		0954D21A295EB8A800BE853B /* CarTrack */ = {
			isa = PBXGroup;
			children = (
				0954D21B295EB8A800BE853B /* AppDelegate.swift */,
				0954D21F295EB8A800BE853B /* ViewController.swift */,
				0954D221295EB8A800BE853B /* Main.storyboard */,
				0954D224295EB8AB00BE853B /* Assets.xcassets */,
				0954D226295EB8AB00BE853B /* LaunchScreen.storyboard */,
				0954D229295EB8AB00BE853B /* Info.plist */,
			);
			path = CarTrack;
			sourceTree = "<group>";
		};
		0954D231295EB8AB00BE853B /* CarTrackTests */ = {
			isa = PBXGroup;
			children = (
				0954D232295EB8AB00BE853B /* CarTrackTests.swift */,
			);
			path = CarTrackTests;
			sourceTree = "<group>";
		};
		0954D23B295EB8AB00BE853B /* CarTrackUITests */ = {
			isa = PBXGroup;
			children = (
				0954D23C295EB8AB00BE853B /* CarTrackUITests.swift */,
				0954D23E295EB8AB00BE853B /* CarTrackUITestsLaunchTests.swift */,
			);
			path = CarTrackUITests;
			sourceTree = "<group>";
		};
/* End PBXGroup section */

/* Begin PBXNativeTarget section */
		0954D217295EB8A800BE853B /* CarTrack */ = {
			isa = PBXNativeTarget;
			buildConfigurationList = 0954D242295EB8AB00BE853B /* Build configuration list for PBXNativeTarget "CarTrack" */;
			buildPhases = (
				0954D214295EB8A800BE853B /* Sources */,
				0954D215295EB8A800BE853B /* Frameworks */,
				0954D216295EB8A800BE853B /* Resources */,
			);
			buildRules = (
			);
			dependencies = (
			);
			name = CarTrack;
			productName = CarTrack;
			productReference = 0954D218295EB8A800BE853B /* CarTrack.app */;
			productType = "com.apple.product-type.application";
		};
		0954D22D295EB8AB00BE853B /* CarTrackTests */ = {
			isa = PBXNativeTarget;
			buildConfigurationList = 0954D245295EB8AB00BE853B /* Build configuration list for PBXNativeTarget "CarTrackTests" */;
			buildPhases = (
				0954D22A295EB8AB00BE853B /* Sources */,
				0954D22B295EB8AB00BE853B /* Frameworks */,
				0954D22C295EB8AB00BE853B /* Resources */,
			);
			buildRules = (
			);
			dependencies = (
				0954D230295EB8AB00BE853B /* PBXTargetDependency */,
			);
			name = CarTrackTests;
			productName = CarTrackTests;
			productReference = 0954D22E295EB8AB00BE853B /* CarTrackTests.xctest */;
			productType = "com.apple.product-type.bundle.unit-test";
		};
		0954D237295EB8AB00BE853B /* CarTrackUITests */ = {
			isa = PBXNativeTarget;
			buildConfigurationList = 0954D248295EB8AB00BE853B /* Build configuration list for PBXNativeTarget "CarTrackUITests" */;
			buildPhases = (
				0954D234295EB8AB00BE853B /* Sources */,
				0954D235295EB8AB00BE853B /* Frameworks */,
				0954D236295EB8AB00BE853B /* Resources */,
			);
			buildRules = (
			);
			dependencies = (
				0954D23A295EB8AB00BE853B /* PBXTargetDependency */,
			);
			name = CarTrackUITests;
			productName = CarTrackUITests;
			productReference = 0954D238295EB8AB00BE853B /* CarTrackUITests.xctest */;
			productType = "com.apple.product-type.bundle.ui-testing";
		};
/* End PBXNativeTarget section */

/* Begin PBXProject section */
		0954D210295EB8A700BE853B /* Project object */ = {
			isa = PBXProject;
			attributes = {
				BuildIndependentTargetsInParallel = 1;
				LastSwiftUpdateCheck = 1400;
				LastUpgradeCheck = 1400;
				TargetAttributes = {
					0954D217295EB8A800BE853B = {
						CreatedOnToolsVersion = 14.0;
					};
					0954D22D295EB8AB00BE853B = {
						CreatedOnToolsVersion = 14.0;
						TestTargetID = 0954D217295EB8A800BE853B;
					};
					0954D237295EB8AB00BE853B = {
						CreatedOnToolsVersion = 14.0;
						TestTargetID = 0954D217295EB8A800BE853B;
					};
				};
			};
			buildConfigurationList = 0954D213295EB8A700BE853B /* Build configuration list for PBXProject "CarTrack" */;
			compatibilityVersion = "Xcode 14.0";
			developmentRegion = en;
			hasScannedForEncodings = 0;
			knownRegions = (
				en,
				Base,
			);
			mainGroup = 0954D20F295EB8A700BE853B;
			productRefGroup = 0954D219295EB8A800BE853B /* Products */;
			projectDirPath = "";
			projectRoot = "";
			targets = (
				0954D217295EB8A800BE853B /* CarTrack */,
				0954D22D295EB8AB00BE853B /* CarTrackTests */,
				0954D237295EB8AB00BE853B /* CarTrackUITests */,
			);
		};
/* End PBXProject section */

/* Begin PBXResourcesBuildPhase section */
		0954D216295EB8A800BE853B /* Resources */ = {
			isa = PBXResourcesBuildPhase;
			buildActionMask = 2147483647;
			files = (
				0954D228295EB8AB00BE853B /* LaunchScreen.storyboard in Resources */,
				0954D225295EB8AB00BE853B /* Assets.xcassets in Resources */,
				0954D223295EB8A800BE853B /* Main.storyboard in Resources */,
			);
			runOnlyForDeploymentPostprocessing = 0;
		};
		0954D22C295EB8AB00BE853B /* Resources */ = {
			isa = PBXResourcesBuildPhase;
			buildActionMask = 2147483647;
			files = (
			);
			runOnlyForDeploymentPostprocessing = 0;
		};
		0954D236295EB8AB00BE853B /* Resources */ = {
			isa = PBXResourcesBuildPhase;
			buildActionMask = 2147483647;
			files = (
			);
			runOnlyForDeploymentPostprocessing = 0;
		};
/* End PBXResourcesBuildPhase section */

/* Begin PBXSourcesBuildPhase section */
		0954D214295EB8A800BE853B /* Sources */ = {
			isa = PBXSourcesBuildPhase;
			buildActionMask = 2147483647;
			files = (
				0954D220295EB8A800BE853B /* ViewController.swift in Sources */,
				0954D21C295EB8A800BE853B /* AppDelegate.swift in Sources */,
			);
			runOnlyForDeploymentPostprocessing = 0;
		};
		0954D22A295EB8AB00BE853B /* Sources */ = {
			isa = PBXSourcesBuildPhase;
			buildActionMask = 2147483647;
			files = (
				0954D233295EB8AB00BE853B /* CarTrackTests.swift in Sources */,
			);
			runOnlyForDeploymentPostprocessing = 0;
		};
		0954D234295EB8AB00BE853B /* Sources */ = {
			isa = PBXSourcesBuildPhase;
			buildActionMask = 2147483647;
			files = (
				0954D23F295EB8AB00BE853B /* CarTrackUITestsLaunchTests.swift in Sources */,
				0954D23D295EB8AB00BE853B /* CarTrackUITests.swift in Sources */,
			);
			runOnlyForDeploymentPostprocessing = 0;
		};
/* End PBXSourcesBuildPhase section */

/* Begin PBXTargetDependency section */
		0954D230295EB8AB00BE853B /* PBXTargetDependency */ = {
			isa = PBXTargetDependency;
			target = 0954D217295EB8A800BE853B /* CarTrack */;
			targetProxy = 0954D22F295EB8AB00BE853B /* PBXContainerItemProxy */;
		};
		0954D23A295EB8AB00BE853B /* PBXTargetDependency */ = {
			isa = PBXTargetDependency;
			target = 0954D217295EB8A800BE853B /* CarTrack */;
			targetProxy = 0954D239295EB8AB00BE853B /* PBXContainerItemProxy */;
		};
/* End PBXTargetDependency section */

/* Begin PBXVariantGroup section */
		0954D221295EB8A800BE853B /* Main.storyboard */ = {
			isa = PBXVariantGroup;
			children = (
				0954D222295EB8A800BE853B /* Base */,
			);
			name = Main.storyboard;
			sourceTree = "<group>";
		};
		0954D226295EB8AB00BE853B /* LaunchScreen.storyboard */ = {
			isa = PBXVariantGroup;
			children = (
				0954D227295EB8AB00BE853B /* Base */,
			);
			name = LaunchScreen.storyboard;
			sourceTree = "<group>";
		};
/* End PBXVariantGroup section */

/* Begin XCBuildConfiguration section */
		0954D240295EB8AB00BE853B /* Debug */ = {
			isa = XCBuildConfiguration;
			buildSettings = {
				ALWAYS_SEARCH_USER_PATHS = NO;
				CLANG_ANALYZER_NONNULL = YES;
				CLANG_ANALYZER_NUMBER_OBJECT_CONVERSION = YES_AGGRESSIVE;
				CLANG_CXX_LANGUAGE_STANDARD = "gnu++20";
				CLANG_ENABLE_MODULES = YES;
				CLANG_ENABLE_OBJC_ARC = YES;
				CLANG_ENABLE_OBJC_WEAK = YES;
				CLANG_WARN_BLOCK_CAPTURE_AUTORELEASING = YES;
				CLANG_WARN_BOOL_CONVERSION = YES;
				CLANG_WARN_COMMA = YES;
				CLANG_WARN_CONSTANT_CONVERSION = YES;
				CLANG_WARN_DEPRECATED_OBJC_IMPLEMENTATIONS = YES;
				CLANG_WARN_DIRECT_OBJC_ISA_USAGE = YES_ERROR;
				CLANG_WARN_DOCUMENTATION_COMMENTS = YES;
				CLANG_WARN_EMPTY_BODY = YES;
				CLANG_WARN_ENUM_CONVERSION = YES;
				CLANG_WARN_INFINITE_RECURSION = YES;
				CLANG_WARN_INT_CONVERSION = YES;
				CLANG_WARN_NON_LITERAL_NULL_CONVERSION = YES;
				CLANG_WARN_OBJC_IMPLICIT_RETAIN_SELF = YES;
				CLANG_WARN_OBJC_LITERAL_CONVERSION = YES;
				CLANG_WARN_OBJC_ROOT_CLASS = YES_ERROR;
				CLANG_WARN_QUOTED_INCLUDE_IN_FRAMEWORK_HEADER = YES;
				CLANG_WARN_RANGE_LOOP_ANALYSIS = YES;
				CLANG_WARN_STRICT_PROTOTYPES = YES;
				CLANG_WARN_SUSPICIOUS_MOVE = YES;
				CLANG_WARN_UNGUARDED_AVAILABILITY = YES_AGGRESSIVE;
				CLANG_WARN_UNREACHABLE_CODE = YES;
				CLANG_WARN__DUPLICATE_METHOD_MATCH = YES;
				COPY_PHASE_STRIP = NO;
				DEBUG_INFORMATION_FORMAT = dwarf;
				ENABLE_STRICT_OBJC_MSGSEND = YES;
				ENABLE_TESTABILITY = YES;
				GCC_C_LANGUAGE_STANDARD = gnu11;
				GCC_DYNAMIC_NO_PIC = NO;
				GCC_NO_COMMON_BLOCKS = YES;
				GCC_OPTIMIZATION_LEVEL = 0;
				GCC_PREPROCESSOR_DEFINITIONS = (
					"DEBUG=1",
					"$(inherited)",
				);
				GCC_WARN_64_TO_32_BIT_CONVERSION = YES;
				GCC_WARN_ABOUT_RETURN_TYPE = YES_ERROR;
				GCC_WARN_UNDECLARED_SELECTOR = YES;
				GCC_WARN_UNINITIALIZED_AUTOS = YES_AGGRESSIVE;
				GCC_WARN_UNUSED_FUNCTION = YES;
				GCC_WARN_UNUSED_VARIABLE = YES;
				IPHONEOS_DEPLOYMENT_TARGET = 16.0;
				MTL_ENABLE_DEBUG_INFO = INCLUDE_SOURCE;
				MTL_FAST_MATH = YES;
				ONLY_ACTIVE_ARCH = YES;
				SDKROOT = iphoneos;
				SWIFT_ACTIVE_COMPILATION_CONDITIONS = DEBUG;
				SWIFT_OPTIMIZATION_LEVEL = "-Onone";
			};
			name = Debug;
		};
		0954D241295EB8AB00BE853B /* Release */ = {
			isa = XCBuildConfiguration;
			buildSettings = {
				ALWAYS_SEARCH_USER_PATHS = NO;
				CLANG_ANALYZER_NONNULL = YES;
				CLANG_ANALYZER_NUMBER_OBJECT_CONVERSION = YES_AGGRESSIVE;
				CLANG_CXX_LANGUAGE_STANDARD = "gnu++20";
				CLANG_ENABLE_MODULES = YES;
				CLANG_ENABLE_OBJC_ARC = YES;
				CLANG_ENABLE_OBJC_WEAK = YES;
				CLANG_WARN_BLOCK_CAPTURE_AUTORELEASING = YES;
				CLANG_WARN_BOOL_CONVERSION = YES;
				CLANG_WARN_COMMA = YES;
				CLANG_WARN_CONSTANT_CONVERSION = YES;
				CLANG_WARN_DEPRECATED_OBJC_IMPLEMENTATIONS = YES;
				CLANG_WARN_DIRECT_OBJC_ISA_USAGE = YES_ERROR;
				CLANG_WARN_DOCUMENTATION_COMMENTS = YES;
				CLANG_WARN_EMPTY_BODY = YES;
				CLANG_WARN_ENUM_CONVERSION = YES;
				CLANG_WARN_INFINITE_RECURSION = YES;
				CLANG_WARN_INT_CONVERSION = YES;
				CLANG_WARN_NON_LITERAL_NULL_CONVERSION = YES;
				CLANG_WARN_OBJC_IMPLICIT_RETAIN_SELF = YES;
				CLANG_WARN_OBJC_LITERAL_CONVERSION = YES;
				CLANG_WARN_OBJC_ROOT_CLASS = YES_ERROR;
				CLANG_WARN_QUOTED_INCLUDE_IN_FRAMEWORK_HEADER = YES;
				CLANG_WARN_RANGE_LOOP_ANALYSIS = YES;
				CLANG_WARN_STRICT_PROTOTYPES = YES;
				CLANG_WARN_SUSPICIOUS_MOVE = YES;
				CLANG_WARN_UNGUARDED_AVAILABILITY = YES_AGGRESSIVE;
				CLANG_WARN_UNREACHABLE_CODE = YES;
				CLANG_WARN__DUPLICATE_METHOD_MATCH = YES;
				COPY_PHASE_STRIP = NO;
				DEBUG_INFORMATION_FORMAT = "dwarf-with-dsym";
				ENABLE_NS_ASSERTIONS = NO;
				ENABLE_STRICT_OBJC_MSGSEND = YES;
				GCC_C_LANGUAGE_STANDARD = gnu11;
				GCC_NO_COMMON_BLOCKS = YES;
				GCC_WARN_64_TO_32_BIT_CONVERSION = YES;
				GCC_WARN_ABOUT_RETURN_TYPE = YES_ERROR;
				GCC_WARN_UNDECLARED_SELECTOR = YES;
				GCC_WARN_UNINITIALIZED_AUTOS = YES_AGGRESSIVE;
				GCC_WARN_UNUSED_FUNCTION = YES;
				GCC_WARN_UNUSED_VARIABLE = YES;
				IPHONEOS_DEPLOYMENT_TARGET = 16.0;
				MTL_ENABLE_DEBUG_INFO = NO;
				MTL_FAST_MATH = YES;
				SDKROOT = iphoneos;
				SWIFT_COMPILATION_MODE = wholemodule;
				SWIFT_OPTIMIZATION_LEVEL = "-O";
				VALIDATE_PRODUCT = YES;
			};
			name = Release;
		};
		0954D243295EB8AB00BE853B /* Debug */ = {
			isa = XCBuildConfiguration;
			buildSettings = {
				ASSETCATALOG_COMPILER_APPICON_NAME = AppIcon;
				ASSETCATALOG_COMPILER_GLOBAL_ACCENT_COLOR_NAME = AccentColor;
				CODE_SIGN_STYLE = Automatic;
				CURRENT_PROJECT_VERSION = 1;
				GENERATE_INFOPLIST_FILE = YES;
				INFOPLIST_FILE = CarTrack/Info.plist;
				INFOPLIST_KEY_UIApplicationSupportsIndirectInputEvents = YES;
				INFOPLIST_KEY_UILaunchStoryboardName = LaunchScreen;
				INFOPLIST_KEY_UIMainStoryboardFile = Main;
				INFOPLIST_KEY_UISupportedInterfaceOrientations_iPad = "UIInterfaceOrientationPortrait UIInterfaceOrientationPortraitUpsideDown UIInterfaceOrientationLandscapeLeft UIInterfaceOrientationLandscapeRight";
				INFOPLIST_KEY_UISupportedInterfaceOrientations_iPhone = "UIInterfaceOrientationPortrait UIInterfaceOrientationLandscapeLeft UIInterfaceOrientationLandscapeRight";
				IPHONEOS_DEPLOYMENT_TARGET = 12.0;
				LD_RUNPATH_SEARCH_PATHS = (
					"$(inherited)",
					"@executable_path/Frameworks",
				);
				MARKETING_VERSION = 1.0;
				PRODUCT_BUNDLE_IDENTIFIER = com.Helix.CarTrack;
				PRODUCT_NAME = "$(TARGET_NAME)";
				SUPPORTED_PLATFORMS = "iphoneos iphonesimulator";
				SUPPORTS_MACCATALYST = NO;
				SUPPORTS_MAC_DESIGNED_FOR_IPHONE_IPAD = NO;
				SWIFT_EMIT_LOC_STRINGS = YES;
				SWIFT_VERSION = 5.0;
				TARGETED_DEVICE_FAMILY = "1,2";
			};
			name = Debug;
		};
		0954D244295EB8AB00BE853B /* Release */ = {
			isa = XCBuildConfiguration;
			buildSettings = {
				ASSETCATALOG_COMPILER_APPICON_NAME = AppIcon;
				ASSETCATALOG_COMPILER_GLOBAL_ACCENT_COLOR_NAME = AccentColor;
				CODE_SIGN_STYLE = Automatic;
				CURRENT_PROJECT_VERSION = 1;
				GENERATE_INFOPLIST_FILE = YES;
				INFOPLIST_FILE = CarTrack/Info.plist;
				INFOPLIST_KEY_UIApplicationSupportsIndirectInputEvents = YES;
				INFOPLIST_KEY_UILaunchStoryboardName = LaunchScreen;
				INFOPLIST_KEY_UIMainStoryboardFile = Main;
				INFOPLIST_KEY_UISupportedInterfaceOrientations_iPad = "UIInterfaceOrientationPortrait UIInterfaceOrientationPortraitUpsideDown UIInterfaceOrientationLandscapeLeft UIInterfaceOrientationLandscapeRight";
				INFOPLIST_KEY_UISupportedInterfaceOrientations_iPhone = "UIInterfaceOrientationPortrait UIInterfaceOrientationLandscapeLeft UIInterfaceOrientationLandscapeRight";
				IPHONEOS_DEPLOYMENT_TARGET = 12.0;
				LD_RUNPATH_SEARCH_PATHS = (
					"$(inherited)",
					"@executable_path/Frameworks",
				);
				MARKETING_VERSION = 1.0;
				PRODUCT_BUNDLE_IDENTIFIER = com.Helix.CarTrack;
				PRODUCT_NAME = "$(TARGET_NAME)";
				SUPPORTED_PLATFORMS = "iphoneos iphonesimulator";
				SUPPORTS_MACCATALYST = NO;
				SUPPORTS_MAC_DESIGNED_FOR_IPHONE_IPAD = NO;
				SWIFT_EMIT_LOC_STRINGS = YES;
				SWIFT_VERSION = 5.0;
				TARGETED_DEVICE_FAMILY = "1,2";
			};
			name = Release;
		};
		0954D246295EB8AB00BE853B /* Debug */ = {
			isa = XCBuildConfiguration;
			buildSettings = {
				ALWAYS_EMBED_SWIFT_STANDARD_LIBRARIES = YES;
				BUNDLE_LOADER = "$(TEST_HOST)";
				CODE_SIGN_STYLE = Automatic;
				CURRENT_PROJECT_VERSION = 1;
				GENERATE_INFOPLIST_FILE = YES;
				IPHONEOS_DEPLOYMENT_TARGET = 16.0;
				MARKETING_VERSION = 1.0;
				PRODUCT_BUNDLE_IDENTIFIER = com.Helix.CarTrackTests;
				PRODUCT_NAME = "$(TARGET_NAME)";
				SWIFT_EMIT_LOC_STRINGS = NO;
				SWIFT_VERSION = 5.0;
				TARGETED_DEVICE_FAMILY = "1,2";
				TEST_HOST = "$(BUILT_PRODUCTS_DIR)/CarTrack.app/$(BUNDLE_EXECUTABLE_FOLDER_PATH)/CarTrack";
			};
			name = Debug;
		};
		0954D247295EB8AB00BE853B /* Release */ = {
			isa = XCBuildConfiguration;
			buildSettings = {
				ALWAYS_EMBED_SWIFT_STANDARD_LIBRARIES = YES;
				BUNDLE_LOADER = "$(TEST_HOST)";
				CODE_SIGN_STYLE = Automatic;
				CURRENT_PROJECT_VERSION = 1;
				GENERATE_INFOPLIST_FILE = YES;
				IPHONEOS_DEPLOYMENT_TARGET = 16.0;
				MARKETING_VERSION = 1.0;
				PRODUCT_BUNDLE_IDENTIFIER = com.Helix.CarTrackTests;
				PRODUCT_NAME = "$(TARGET_NAME)";
				SWIFT_EMIT_LOC_STRINGS = NO;
				SWIFT_VERSION = 5.0;
				TARGETED_DEVICE_FAMILY = "1,2";
				TEST_HOST = "$(BUILT_PRODUCTS_DIR)/CarTrack.app/$(BUNDLE_EXECUTABLE_FOLDER_PATH)/CarTrack";
			};
			name = Release;
		};
		0954D249295EB8AB00BE853B /* Debug */ = {
			isa = XCBuildConfiguration;
			buildSettings = {
				ALWAYS_EMBED_SWIFT_STANDARD_LIBRARIES = YES;
				CODE_SIGN_STYLE = Automatic;
				CURRENT_PROJECT_VERSION = 1;
				GENERATE_INFOPLIST_FILE = YES;
				MARKETING_VERSION = 1.0;
				PRODUCT_BUNDLE_IDENTIFIER = com.Helix.CarTrackUITests;
				PRODUCT_NAME = "$(TARGET_NAME)";
				SWIFT_EMIT_LOC_STRINGS = NO;
				SWIFT_VERSION = 5.0;
				TARGETED_DEVICE_FAMILY = "1,2";
				TEST_TARGET_NAME = CarTrack;
			};
			name = Debug;
		};
		0954D24A295EB8AB00BE853B /* Release */ = {
			isa = XCBuildConfiguration;
			buildSettings = {
				ALWAYS_EMBED_SWIFT_STANDARD_LIBRARIES = YES;
				CODE_SIGN_STYLE = Automatic;
				CURRENT_PROJECT_VERSION = 1;
				GENERATE_INFOPLIST_FILE = YES;
				MARKETING_VERSION = 1.0;
				PRODUCT_BUNDLE_IDENTIFIER = com.Helix.CarTrackUITests;
				PRODUCT_NAME = "$(TARGET_NAME)";
				SWIFT_EMIT_LOC_STRINGS = NO;
				SWIFT_VERSION = 5.0;
				TARGETED_DEVICE_FAMILY = "1,2";
				TEST_TARGET_NAME = CarTrack;
			};
			name = Release;
		};
/* End XCBuildConfiguration section */

/* Begin XCConfigurationList section */
		0954D213295EB8A700BE853B /* Build configuration list for PBXProject "CarTrack" */ = {
			isa = XCConfigurationList;
			buildConfigurations = (
				0954D240295EB8AB00BE853B /* Debug */,
				0954D241295EB8AB00BE853B /* Release */,
			);
			defaultConfigurationIsVisible = 0;
			defaultConfigurationName = Release;
		};
		0954D242295EB8AB00BE853B /* Build configuration list for PBXNativeTarget "CarTrack" */ = {
			isa = XCConfigurationList;
			buildConfigurations = (
				0954D243295EB8AB00BE853B /* Debug */,
				0954D244295EB8AB00BE853B /* Release */,
			);
			defaultConfigurationIsVisible = 0;
			defaultConfigurationName = Release;
		};
		0954D245295EB8AB00BE853B /* Build configuration list for PBXNativeTarget "CarTrackTests" */ = {
			isa = XCConfigurationList;
			buildConfigurations = (
				0954D246295EB8AB00BE853B /* Debug */,
				0954D247295EB8AB00BE853B /* Release */,
			);
			defaultConfigurationIsVisible = 0;
			defaultConfigurationName = Release;
		};
		0954D248295EB8AB00BE853B /* Build configuration list for PBXNativeTarget "CarTrackUITests" */ = {
			isa = XCConfigurationList;
			buildConfigurations = (
				0954D249295EB8AB00BE853B /* Debug */,
				0954D24A295EB8AB00BE853B /* Release */,
			);
			defaultConfigurationIsVisible = 0;
			defaultConfigurationName = Release;
		};
/* End XCConfigurationList section */
	};
	rootObject = 0954D210295EB8A700BE853B /* Project object */;
}
